{
  "originHash" : "8bb8cf2d8876df97bd2165bd1f3d45fa6f04bdd91dded6f9888a5bc00b780749",
  "pins" : [
    {
      "identity" : "alamofire",
      "kind" : "remoteSourceControl",
      "location" : "https://github.com/Alamofire/Alamofire.git",
      "state" : {
        "revision" : "ea6a94b7dddffd0ca4d0f29252d95310b84dec84",
        "version" : "5.10.0"
      }
    },
    {
      "identity" : "jason",
      "kind" : "remoteSourceControl",
      "location" : "https://github.com/Lrdsnow/JASON.git",
      "state" : {
        "revision" : "72ec8fcdb3df09057d22e71680bca8a643967d47"
      }
    },
    {
      "identity" : "opencombine",
      "kind" : "remoteSourceControl",
      "location" : "https://github.com/OpenCombine/OpenCombine.git",
      "state" : {
        "revision" : "8576f0d579b27020beccbccc3ea6844f3ddfc2c2",
        "version" : "0.14.0"
      }
    }
  ],
  "version" : 3
}
