{
  "originHash" : "4cc1aa9a4dbbed092092cd258fc50d2a9965b777f2028b0db9a76f8aa81b6cd2",
  "pins" : [
    {
      "identity" : "alamofire",
      "kind" : "remoteSourceControl",
      "location" : "https://github.com/Alamofire/Alamofire.git",
      "state" : {
        "revision" : "ea6a94b7dddffd0ca4d0f29252d95310b84dec84",
        "version" : "5.10.0"
      }
    },
    {
      "identity" : "jason",
      "kind" : "remoteSourceControl",
      "location" : "https://github.com/Lrdsnow/JASON.git",
      "state" : {
        "revision" : "72ec8fcdb3df09057d22e71680bca8a643967d47"
      }
    },
    {
      "identity" : "opencombine",
      "kind" : "remoteSourceControl",
      "location" : "https://github.com/OpenCombine/OpenCombine.git",
      "state" : {
        "revision" : "8576f0d579b27020beccbccc3ea6844f3ddfc2c2",
        "version" : "0.14.0"
      }
    },
    {
      "identity" : "zip",
      "kind" : "remoteSourceControl",
      "location" : "https://github.com/Lrdsnow/Zip.git",
      "state" : {
        "revision" : "48ff25a76bf37a2922e41e129f56404d9b4eee87"
      }
    }
  ],
  "version" : 3
}
